Microsoft Visual Studio Solution File, Format Version 11.00
# Visual Studio 2008

Project("{5B06598D-5B09-4D8D-63DA-302C6859DBBC}") = "Whiff", "Assembly-CSharp-firstpass.csproj", "{1D4E5E66-5D33-EF54-5159-B9F0E51EB82B}"
EndProject
Project("{5B06598D-5B09-4D8D-63DA-302C6859DBBC}") = "Whiff", "Assembly-CSharp.csproj", "{301AB3D9-759F-43EA-A391-B1498685FB68}"
EndProject
Project("{5B06598D-5B09-4D8D-63DA-302C6859DBBC}") = "Whiff", "Assembly-CSharp-Editor.csproj", "{0A54CCAF-A6CC-7DEC-8E67-3DE902BE0F48}"
EndProject
Project("{5B06598D-5B09-4D8D-63DA-302C6859DBBC}") = "Whiff", "Assembly-UnityScript-firstpass.unityproj", "{602B1111-4962-D1F9-B674-3E4E22A2AA3E}"
EndProject
Global
	GlobalSection(SolutionConfigurationPlatforms) = preSolution
		Debug|Any CPU = Debug|Any CPU
		Release|Any CPU = Release|Any CPU
	EndGlobalSection
	GlobalSection(ProjectConfigurationPlatforms) = postSolution
		{1D4E5E66-5D33-EF54-5159-B9F0E51EB82B}.Debug|Any CPU.ActiveCfg = Debug|Any CPU
		{1D4E5E66-5D33-EF54-5159-B9F0E51EB82B}.Debug|Any CPU.Build.0 = Debug|Any CPU
		{1D4E5E66-5D33-EF54-5159-B9F0E51EB82B}.Release|Any CPU.ActiveCfg = Release|Any CPU
		{1D4E5E66-5D33-EF54-5159-B9F0E51EB82B}.Release|Any CPU.Build.0 = Release|Any CPU
		{301AB3D9-759F-43EA-A391-B1498685FB68}.Debug|Any CPU.ActiveCfg = Debug|Any CPU
		{301AB3D9-759F-43EA-A391-B1498685FB68}.Debug|Any CPU.Build.0 = Debug|Any CPU
		{301AB3D9-759F-43EA-A391-B1498685FB68}.Release|Any CPU.ActiveCfg = Release|Any CPU
		{301AB3D9-759F-43EA-A391-B1498685FB68}.Release|Any CPU.Build.0 = Release|Any CPU
		{0A54CCAF-A6CC-7DEC-8E67-3DE902BE0F48}.Debug|Any CPU.ActiveCfg = Debug|Any CPU
		{0A54CCAF-A6CC-7DEC-8E67-3DE902BE0F48}.Debug|Any CPU.Build.0 = Debug|Any CPU
		{0A54CCAF-A6CC-7DEC-8E67-3DE902BE0F48}.Release|Any CPU.ActiveCfg = Release|Any CPU
		{0A54CCAF-A6CC-7DEC-8E67-3DE902BE0F48}.Release|Any CPU.Build.0 = Release|Any CPU
		{602B1111-4962-D1F9-B674-3E4E22A2AA3E}.Debug|Any CPU.ActiveCfg = Debug|Any CPU
		{602B1111-4962-D1F9-B674-3E4E22A2AA3E}.Debug|Any CPU.Build.0 = Debug|Any CPU
		{602B1111-4962-D1F9-B674-3E4E22A2AA3E}.Release|Any CPU.ActiveCfg = Release|Any CPU
		{602B1111-4962-D1F9-B674-3E4E22A2AA3E}.Release|Any CPU.Build.0 = Release|Any CPU
	EndGlobalSection
	GlobalSection(SolutionProperties) = preSolution
		HideSolutionNode = FALSE
	EndGlobalSection
													GlobalSection(MonoDevelopProperties) = preSolution
		StartupItem = Assembly-CSharp.csproj
		Policies = $0
		$0.TextStylePolicy = $1
		$1.inheritsSet = null
		$1.scope = text/x-csharp
		$0.CSharpFormattingPolicy = $2
		$2.inheritsSet = Mono
		$2.inheritsScope = text/x-csharp
		$2.scope = text/x-csharp
		$0.TextStylePolicy = $3
		$3.FileWidth = 120
		$3.TabWidth = 4
		$3.EolMarker = Unix
		$3.inheritsSet = Mono
		$3.inheritsScope = text/plain
		$3.scope = text/plain
	EndGlobalSection

EndGlobal
